<?xml version="1.0" encoding="utf-8"?>
<Project ToolsVersion="4.0" xmlns="http://schemas.microsoft.com/developer/msbuild/2003">
  <ItemGroup>
    <Filter Include="Source Files">
      <UniqueIdentifier>{cd5f805e-7420-4320-9aa6-21b935bc7f09}</UniqueIdentifier>
      <Extensions>cpp;c;cxx;rc;def;r;odl;idl;hpj;bat</Extensions>
    </Filter>
    <Filter Include="Header Files">
      <UniqueIdentifier>{ea1e8c61-b54d-4eb0-883a-9a2fc6f08e12}</UniqueIdentifier>
      <Extensions>h;hpp;hxx;hm;inl</Extensions>
    </Filter>
    <Filter Include="Resource Files">
      <UniqueIdentifier>{5acea594-6e87-477a-a1ff-56b325a82f0b}</UniqueIdentifier>
      <Extensions>ico;cur;bmp;dlg;rc2;rct;bin;rgs;gif;jpg;jpeg;jpe</Extensions>
    </Filter>
  </ItemGroup>
  <ItemGroup>
    <ClCompile Include="btpc\cbtpc.cpp">
      <Filter>Source Files</Filter>
    </ClCompile>
    <ClCompile Include="btpc\colmap.cpp">
      <Filter>Source Files</Filter>
    </ClCompile>
    <ClCompile Include="btpc\compact.cpp">
      <Filter>Source Files</Filter>
    </ClCompile>
    <ClCompile Include="CppFileWriter.cpp">
      <Filter>Source Files</Filter>
    </ClCompile>
    <ClCompile Include="btpc\dbtpc.cpp">
      <Filter>Source Files</Filter>
    </ClCompile>
    <ClCompile Include="btpc\declevel.cpp">
      <Filter>Source Files</Filter>
    </ClCompile>
    <ClCompile Include="btpc\enclevel.cpp">
      <Filter>Source Files</Filter>
    </ClCompile>
    <ClCompile Include="File.cpp">
      <Filter>Source Files</Filter>
    </ClCompile>
    <ClCompile Include="fileOBJ.cpp">
      <Filter>Source Files</Filter>
    </ClCompile>
    <ClCompile Include="FileReader.cpp">
      <Filter>Source Files</Filter>
    </ClCompile>
    <ClCompile Include="fileSTL.cpp">
      <Filter>Source Files</Filter>
    </ClCompile>
    <ClCompile Include="FileWriter.cpp">
      <Filter>Source Files</Filter>
    </ClCompile>
    <ClCompile Include="GIStorage.cpp">
      <Filter>Source Files</Filter>
    </ClCompile>
    <ClCompile Include="GLDevice.cpp">
      <Filter>Source Files</Filter>
    </ClCompile>
    <ClCompile Include="GraphicInterface.cpp">
      <Filter>Source Files</Filter>
    </ClCompile>
    <ClCompile Include="GraphViewer.cpp">
      <Filter>Source Files</Filter>
    </ClCompile>
    <ClCompile Include="GraphViewerDoc.cpp">
      <Filter>Source Files</Filter>
    </ClCompile>
    <ClCompile Include="GraphViewerView.cpp">
      <Filter>Source Files</Filter>
    </ClCompile>
    <ClCompile Include="GrClock.cpp">
      <Filter>Source Files</Filter>
    </ClCompile>
    <ClCompile Include="importOBJ.cpp">
      <Filter>Source Files</Filter>
    </ClCompile>
    <ClCompile Include="importSTL.cpp">
      <Filter>Source Files</Filter>
    </ClCompile>
    <ClCompile Include="MainFrm.cpp">
      <Filter>Source Files</Filter>
    </ClCompile>
    <ClCompile Include="PseudoFile.cpp">
      <Filter>Source Files</Filter>
    </ClCompile>
    <ClCompile Include="RealFile.cpp">
      <Filter>Source Files</Filter>
    </ClCompile>
    <ClCompile Include="ScenePar.cpp">
      <Filter>Source Files</Filter>
    </ClCompile>
    <ClCompile Include="StdAfx.cpp">
      <Filter>Source Files</Filter>
    </ClCompile>
    <ClCompile Include="StlFileDlg.cpp">
      <Filter>Source Files</Filter>
    </ClCompile>
    <ClCompile Include="Vector3f.cpp">
      <Filter>Source Files</Filter>
    </ClCompile>
    <ClCompile Include="btpc\macro.cpp">
      <Filter>Header Files</Filter>
    </ClCompile>
  </ItemGroup>
  <ItemGroup>
    <ResourceCompile Include="GraphViewer.rc">
      <Filter>Source Files</Filter>
    </ResourceCompile>
  </ItemGroup>
  <ItemGroup>
    <ClInclude Include="btpc\btpc.h">
      <Filter>Header Files</Filter>
    </ClInclude>
    <ClInclude Include="btpc\compact.hpp">
      <Filter>Header Files</Filter>
    </ClInclude>
    <ClInclude Include="CppFileWriter.h">
      <Filter>Header Files</Filter>
    </ClInclude>
    <ClInclude Include="File.h">
      <Filter>Header Files</Filter>
    </ClInclude>
    <ClInclude Include="fileOBJ.h">
      <Filter>Header Files</Filter>
    </ClInclude>
    <ClInclude Include="FileReader.h">
      <Filter>Header Files</Filter>
    </ClInclude>
    <ClInclude Include="fileSTL.h">
      <Filter>Header Files</Filter>
    </ClInclude>
    <ClInclude Include="FileWriter.h">
      <Filter>Header Files</Filter>
    </ClInclude>
    <ClInclude Include="GIStorage.h">
      <Filter>Header Files</Filter>
    </ClInclude>
    <ClInclude Include="GLDevice.h">
      <Filter>Header Files</Filter>
    </ClInclude>
    <ClInclude Include="GraphicInterface.h">
      <Filter>Header Files</Filter>
    </ClInclude>
    <ClInclude Include="GraphViewer.h">
      <Filter>Header Files</Filter>
    </ClInclude>
    <ClInclude Include="GraphViewerDoc.h">
      <Filter>Header Files</Filter>
    </ClInclude>
    <ClInclude Include="GraphViewerView.h">
      <Filter>Header Files</Filter>
    </ClInclude>
    <ClInclude Include="GrClock.h">
      <Filter>Header Files</Filter>
    </ClInclude>
    <ClInclude Include="MainFrm.h">
      <Filter>Header Files</Filter>
    </ClInclude>
    <ClInclude Include="Poly3gon.h">
      <Filter>Header Files</Filter>
    </ClInclude>
    <ClInclude Include="PseudoFile.h">
      <Filter>Header Files</Filter>
    </ClInclude>
    <ClInclude Include="RealFile.h">
      <Filter>Header Files</Filter>
    </ClInclude>
    <ClInclude Include="Resource.h">
      <Filter>Header Files</Filter>
    </ClInclude>
    <ClInclude Include="ScenePar.h">
      <Filter>Header Files</Filter>
    </ClInclude>
    <ClInclude Include="ShevArray.h">
      <Filter>Header Files</Filter>
    </ClInclude>
    <ClInclude Include="StdAfx.h">
      <Filter>Header Files</Filter>
    </ClInclude>
    <ClInclude Include="StlFileDlg.h">
      <Filter>Header Files</Filter>
    </ClInclude>
    <ClInclude Include="Template.h">
      <Filter>Header Files</Filter>
    </ClInclude>
    <ClInclude Include="typedef.h">
      <Filter>Header Files</Filter>
    </ClInclude>
    <ClInclude Include="Vector3f.h">
      <Filter>Header Files</Filter>
    </ClInclude>
    <ClInclude Include="Vector3i.h">
      <Filter>Header Files</Filter>
    </ClInclude>
  </ItemGroup>
  <ItemGroup>
    <Image Include="res\GraphViewer.ico">
      <Filter>Resource Files</Filter>
    </Image>
    <Image Include="res\GraphViewerDoc.ico">
      <Filter>Resource Files</Filter>
    </Image>
    <Image Include="res\mainfram.bmp">
      <Filter>Resource Files</Filter>
    </Image>
    <Image Include="res\Toolbar.bmp">
      <Filter>Resource Files</Filter>
    </Image>
  </ItemGroup>
  <ItemGroup>
    <CustomBuild Include="res\GraphViewer.rc2">
      <Filter>Resource Files</Filter>
    </CustomBuild>
    <CustomBuild Include="GraphViewer.reg" />
  </ItemGroup>
</Project>